// !$*UTF8*$!
{
	archiveVersion = 1;
	classes = {
	};
	objectVersion = 56;
	objects = {

/* Begin PBXBuildFile section */
		FADCCE092AF3612900A59CEE /* RealTime2App.swift in Sources */ = {isa = PBXBuildFile; fileRef = FADCCE082AF3612900A59CEE /* RealTime2App.swift */; };
		FADCCE0B2AF3612900A59CEE /* ContentView.swift in Sources */ = {isa = PBXBuildFile; fileRef = FADCCE0A2AF3612900A59CEE /* ContentView.swift */; };
		FADCCE0D2AF3612B00A59CEE /* Assets.xcassets in Resources */ = {isa = PBXBuildFile; fileRef = FADCCE0C2AF3612B00A59CEE /* Assets.xcassets */; };
		FADCCE102AF3612B00A59CEE /* Preview Assets.xcassets in Resources */ = {isa = PBXBuildFile; fileRef = FADCCE0F2AF3612B00A59CEE /* Preview Assets.xcassets */; };
		FADCCE122AF3612B00A59CEE /* Persistence.swift in Sources */ = {isa = PBXBuildFile; fileRef = FADCCE112AF3612B00A59CEE /* Persistence.swift */; };
		FADCCE152AF3612B00A59CEE /* RealTime2.xcdatamodeld in Sources */ = {isa = PBXBuildFile; fileRef = FADCCE132AF3612B00A59CEE /* RealTime2.xcdatamodeld */; };
		FADCCE1F2AF3612B00A59CEE /* RealTime2Tests.swift in Sources */ = {isa = PBXBuildFile; fileRef = FADCCE1E2AF3612B00A59CEE /* RealTime2Tests.swift */; };
		FADCCE292AF3612C00A59CEE /* RealTime2UITests.swift in Sources */ = {isa = PBXBuildFile; fileRef = FADCCE282AF3612C00A59CEE /* RealTime2UITests.swift */; };
		FADCCE2B2AF3612C00A59CEE /* RealTime2UITestsLaunchTests.swift in Sources */ = {isa = PBXBuildFile; fileRef = FADCCE2A2AF3612C00A59CEE /* RealTime2UITestsLaunchTests.swift */; };
		FADCCE382AF3651E00A59CEE /* SplashView.swift in Sources */ = {isa = PBXBuildFile; fileRef = FADCCE372AF3651E00A59CEE /* SplashView.swift */; };
		FADCCE3E2AF3659400A59CEE /* BluetoothManager.swift in Sources */ = {isa = PBXBuildFile; fileRef = FADCCE392AF3659300A59CEE /* BluetoothManager.swift */; };
		FADCCE3F2AF3659400A59CEE /* NewProjectView.swift in Sources */ = {isa = PBXBuildFile; fileRef = FADCCE3A2AF3659300A59CEE /* NewProjectView.swift */; };
		FADCCE402AF3659400A59CEE /* SavedProjectView.swift in Sources */ = {isa = PBXBuildFile; fileRef = FADCCE3B2AF3659300A59CEE /* SavedProjectView.swift */; };
		FADCCE412AF3659400A59CEE /* AIView.swift in Sources */ = {isa = PBXBuildFile; fileRef = FADCCE3C2AF3659300A59CEE /* AIView.swift */; };
		FADCCE422AF3659400A59CEE /* ChatGPT.swift in Sources */ = {isa = PBXBuildFile; fileRef = FADCCE3D2AF3659300A59CEE /* ChatGPT.swift */; };
		FADCCE442AF366AA00A59CEE /* DataHandler.swift in Sources */ = {isa = PBXBuildFile; fileRef = FADCCE432AF366AA00A59CEE /* DataHandler.swift */; };
/* End PBXBuildFile section */

/* Begin PBXContainerItemProxy section */
		FADCCE1B2AF3612B00A59CEE /* PBXContainerItemProxy */ = {
			isa = PBXContainerItemProxy;
			containerPortal = FADCCDFD2AF3612900A59CEE /* Project object */;
			proxyType = 1;
			remoteGlobalIDString = FADCCE042AF3612900A59CEE;
			remoteInfo = RealTime2;
		};
		FADCCE252AF3612B00A59CEE /* PBXContainerItemProxy */ = {
			isa = PBXContainerItemProxy;
			containerPortal = FADCCDFD2AF3612900A59CEE /* Project object */;
			proxyType = 1;
			remoteGlobalIDString = FADCCE042AF3612900A59CEE;
			remoteInfo = RealTime2;
		};
/* End PBXContainerItemProxy section */

/* Begin PBXFileReference section */
		FADCCE052AF3612900A59CEE /* RealTime2.app */ = {isa = PBXFileReference; explicitFileType = wrapper.application; includeInIndex = 0; path = RealTime2.app; sourceTree = BUILT_PRODUCTS_DIR; };
		FADCCE082AF3612900A59CEE /* RealTime2App.swift */ = {isa = PBXFileReference; lastKnownFileType = sourcecode.swift; path = RealTime2App.swift; sourceTree = "<group>"; };
		FADCCE0A2AF3612900A59CEE /* ContentView.swift */ = {isa = PBXFileReference; lastKnownFileType = sourcecode.swift; path = ContentView.swift; sourceTree = "<group>"; };
		FADCCE0C2AF3612B00A59CEE /* Assets.xcassets */ = {isa = PBXFileReference; lastKnownFileType = folder.assetcatalog; path = Assets.xcassets; sourceTree = "<group>"; };
		FADCCE0F2AF3612B00A59CEE /* Preview Assets.xcassets */ = {isa = PBXFileReference; lastKnownFileType = folder.assetcatalog; path = "Preview Assets.xcassets"; sourceTree = "<group>"; };
		FADCCE112AF3612B00A59CEE /* Persistence.swift */ = {isa = PBXFileReference; lastKnownFileType = sourcecode.swift; path = Persistence.swift; sourceTree = "<group>"; };
		FADCCE142AF3612B00A59CEE /* RealTime2.xcdatamodel */ = {isa = PBXFileReference; lastKnownFileType = wrapper.xcdatamodel; path = RealTime2.xcdatamodel; sourceTree = "<group>"; };
		FADCCE1A2AF3612B00A59CEE /* RealTime2Tests.xctest */ = {isa = PBXFileReference; explicitFileType = wrapper.cfbundle; includeInIndex = 0; path = RealTime2Tests.xctest; sourceTree = BUILT_PRODUCTS_DIR; };
		FADCCE1E2AF3612B00A59CEE /* RealTime2Tests.swift */ = {isa = PBXFileReference; lastKnownFileType = sourcecode.swift; path = RealTime2Tests.swift; sourceTree = "<group>"; };
		FADCCE242AF3612B00A59CEE /* RealTime2UITests.xctest */ = {isa = PBXFileReference; explicitFileType = wrapper.cfbundle; includeInIndex = 0; path = RealTime2UITests.xctest; sourceTree = BUILT_PRODUCTS_DIR; };
		FADCCE282AF3612C00A59CEE /* RealTime2UITests.swift */ = {isa = PBXFileReference; lastKnownFileType = sourcecode.swift; path = RealTime2UITests.swift; sourceTree = "<group>"; };
		FADCCE2A2AF3612C00A59CEE /* RealTime2UITestsLaunchTests.swift */ = {isa = PBXFileReference; lastKnownFileType = sourcecode.swift; path = RealTime2UITestsLaunchTests.swift; sourceTree = "<group>"; };
		FADCCE372AF3651E00A59CEE /* SplashView.swift */ = {isa = PBXFileReference; fileEncoding = 4; lastKnownFileType = sourcecode.swift; path = SplashView.swift; sourceTree = "<group>"; };
		FADCCE392AF3659300A59CEE /* BluetoothManager.swift */ = {isa = PBXFileReference; fileEncoding = 4; lastKnownFileType = sourcecode.swift; path = BluetoothManager.swift; sourceTree = "<group>"; };
		FADCCE3A2AF3659300A59CEE /* NewProjectView.swift */ = {isa = PBXFileReference; fileEncoding = 4; lastKnownFileType = sourcecode.swift; path = NewProjectView.swift; sourceTree = "<group>"; };
		FADCCE3B2AF3659300A59CEE /* SavedProjectView.swift */ = {isa = PBXFileReference; fileEncoding = 4; lastKnownFileType = sourcecode.swift; path = SavedProjectView.swift; sourceTree = "<group>"; };
		FADCCE3C2AF3659300A59CEE /* AIView.swift */ = {isa = PBXFileReference; fileEncoding = 4; lastKnownFileType = sourcecode.swift; path = AIView.swift; sourceTree = "<group>"; };
		FADCCE3D2AF3659300A59CEE /* ChatGPT.swift */ = {isa = PBXFileReference; fileEncoding = 4; lastKnownFileType = sourcecode.swift; path = ChatGPT.swift; sourceTree = "<group>"; };
		FADCCE432AF366AA00A59CEE /* DataHandler.swift */ = {isa = PBXFileReference; fileEncoding = 4; lastKnownFileType = sourcecode.swift; path = DataHandler.swift; sourceTree = "<group>"; };
		FADCCE452AF3671C00A59CEE /* Info.plist */ = {isa = PBXFileReference; lastKnownFileType = text.plist; path = Info.plist; sourceTree = "<group>"; };
/* End PBXFileReference section */

/* Begin PBXFrameworksBuildPhase section */
		FADCCE022AF3612900A59CEE /* Frameworks */ = {
			isa = PBXFrameworksBuildPhase;
			buildActionMask = 2147483647;
			files = (
			);
			runOnlyForDeploymentPostprocessing = 0;
		};
		FADCCE172AF3612B00A59CEE /* Frameworks */ = {
			isa = PBXFrameworksBuildPhase;
			buildActionMask = 2147483647;
			files = (
			);
			runOnlyForDeploymentPostprocessing = 0;
		};
		FADCCE212AF3612B00A59CEE /* Frameworks */ = {
			isa = PBXFrameworksBuildPhase;
			buildActionMask = 2147483647;
			files = (
			);
			runOnlyForDeploymentPostprocessing = 0;
		};
/* End PBXFrameworksBuildPhase section */

/* Begin PBXGroup section */
		FADCCDFC2AF3612900A59CEE = {
			isa = PBXGroup;
			children = (
				FADCCE072AF3612900A59CEE /* RealTime2 */,
				FADCCE1D2AF3612B00A59CEE /* RealTime2Tests */,
				FADCCE272AF3612B00A59CEE /* RealTime2UITests */,
				FADCCE062AF3612900A59CEE /* Products */,
			);
			sourceTree = "<group>";
		};
		FADCCE062AF3612900A59CEE /* Products */ = {
			isa = PBXGroup;
			children = (
				FADCCE052AF3612900A59CEE /* RealTime2.app */,
				FADCCE1A2AF3612B00A59CEE /* RealTime2Tests.xctest */,
				FADCCE242AF3612B00A59CEE /* RealTime2UITests.xctest */,
			);
			name = Products;
			sourceTree = "<group>";
		};
		FADCCE072AF3612900A59CEE /* RealTime2 */ = {
			isa = PBXGroup;
			children = (
				FADCCE452AF3671C00A59CEE /* Info.plist */,
				FADCCE082AF3612900A59CEE /* RealTime2App.swift */,
				FADCCE3C2AF3659300A59CEE /* AIView.swift */,
				FADCCE392AF3659300A59CEE /* BluetoothManager.swift */,
				FADCCE3D2AF3659300A59CEE /* ChatGPT.swift */,
				FADCCE3A2AF3659300A59CEE /* NewProjectView.swift */,
				FADCCE3B2AF3659300A59CEE /* SavedProjectView.swift */,
				FADCCE432AF366AA00A59CEE /* DataHandler.swift */,
				FADCCE372AF3651E00A59CEE /* SplashView.swift */,
				FADCCE0A2AF3612900A59CEE /* ContentView.swift */,
				FADCCE0C2AF3612B00A59CEE /* Assets.xcassets */,
				FADCCE112AF3612B00A59CEE /* Persistence.swift */,
				FADCCE132AF3612B00A59CEE /* RealTime2.xcdatamodeld */,
				FADCCE0E2AF3612B00A59CEE /* Preview Content */,
			);
			path = RealTime2;
			sourceTree = "<group>";
		};
		FADCCE0E2AF3612B00A59CEE /* Preview Content */ = {
			isa = PBXGroup;
			children = (
				FADCCE0F2AF3612B00A59CEE /* Preview Assets.xcassets */,
			);
			path = "Preview Content";
			sourceTree = "<group>";
		};
		FADCCE1D2AF3612B00A59CEE /* RealTime2Tests */ = {
			isa = PBXGroup;
			children = (
				FADCCE1E2AF3612B00A59CEE /* RealTime2Tests.swift */,
			);
			path = RealTime2Tests;
			sourceTree = "<group>";
		};
		FADCCE272AF3612B00A59CEE /* RealTime2UITests */ = {
			isa = PBXGroup;
			children = (
				FADCCE282AF3612C00A59CEE /* RealTime2UITests.swift */,
				FADCCE2A2AF3612C00A59CEE /* RealTime2UITestsLaunchTests.swift */,
			);
			path = RealTime2UITests;
			sourceTree = "<group>";
		};
/* End PBXGroup section */

/* Begin PBXNativeTarget section */
		FADCCE042AF3612900A59CEE /* RealTime2 */ = {
			isa = PBXNativeTarget;
			buildConfigurationList = FADCCE2E2AF3612C00A59CEE /* Build configuration list for PBXNativeTarget "RealTime2" */;
			buildPhases = (
				FADCCE012AF3612900A59CEE /* Sources */,
				FADCCE022AF3612900A59CEE /* Frameworks */,
				FADCCE032AF3612900A59CEE /* Resources */,
			);
			buildRules = (
			);
			dependencies = (
			);
			name = RealTime2;
			productName = RealTime2;
			productReference = FADCCE052AF3612900A59CEE /* RealTime2.app */;
			productType = "com.apple.product-type.application";
		};
		FADCCE192AF3612B00A59CEE /* RealTime2Tests */ = {
			isa = PBXNativeTarget;
			buildConfigurationList = FADCCE312AF3612C00A59CEE /* Build configuration list for PBXNativeTarget "RealTime2Tests" */;
			buildPhases = (
				FADCCE162AF3612B00A59CEE /* Sources */,
				FADCCE172AF3612B00A59CEE /* Frameworks */,
				FADCCE182AF3612B00A59CEE /* Resources */,
			);
			buildRules = (
			);
			dependencies = (
				FADCCE1C2AF3612B00A59CEE /* PBXTargetDependency */,
			);
			name = RealTime2Tests;
			productName = RealTime2Tests;
			productReference = FADCCE1A2AF3612B00A59CEE /* RealTime2Tests.xctest */;
			productType = "com.apple.product-type.bundle.unit-test";
		};
		FADCCE232AF3612B00A59CEE /* RealTime2UITests */ = {
			isa = PBXNativeTarget;
			buildConfigurationList = FADCCE342AF3612C00A59CEE /* Build configuration list for PBXNativeTarget "RealTime2UITests" */;
			buildPhases = (
				FADCCE202AF3612B00A59CEE /* Sources */,
				FADCCE212AF3612B00A59CEE /* Frameworks */,
				FADCCE222AF3612B00A59CEE /* Resources */,
			);
			buildRules = (
			);
			dependencies = (
				FADCCE262AF3612B00A59CEE /* PBXTargetDependency */,
			);
			name = RealTime2UITests;
			productName = RealTime2UITests;
			productReference = FADCCE242AF3612B00A59CEE /* RealTime2UITests.xctest */;
			productType = "com.apple.product-type.bundle.ui-testing";
		};
/* End PBXNativeTarget section */

/* Begin PBXProject section */
		FADCCDFD2AF3612900A59CEE /* Project object */ = {
			isa = PBXProject;
			attributes = {
				BuildIndependentTargetsInParallel = 1;
				LastSwiftUpdateCheck = 1500;
				LastUpgradeCheck = 1500;
				TargetAttributes = {
					FADCCE042AF3612900A59CEE = {
						CreatedOnToolsVersion = 15.0.1;
					};
					FADCCE192AF3612B00A59CEE = {
						CreatedOnToolsVersion = 15.0.1;
						TestTargetID = FADCCE042AF3612900A59CEE;
					};
					FADCCE232AF3612B00A59CEE = {
						CreatedOnToolsVersion = 15.0.1;
						TestTargetID = FADCCE042AF3612900A59CEE;
					};
				};
			};
			buildConfigurationList = FADCCE002AF3612900A59CEE /* Build configuration list for PBXProject "RealTime2" */;
			compatibilityVersion = "Xcode 14.0";
			developmentRegion = en;
			hasScannedForEncodings = 0;
			knownRegions = (
				en,
				Base,
			);
			mainGroup = FADCCDFC2AF3612900A59CEE;
			productRefGroup = FADCCE062AF3612900A59CEE /* Products */;
			projectDirPath = "";
			projectRoot = "";
			targets = (
				FADCCE042AF3612900A59CEE /* RealTime2 */,
				FADCCE192AF3612B00A59CEE /* RealTime2Tests */,
				FADCCE232AF3612B00A59CEE /* RealTime2UITests */,
			);
		};
/* End PBXProject section */

/* Begin PBXResourcesBuildPhase section */
		FADCCE032AF3612900A59CEE /* Resources */ = {
			isa = PBXResourcesBuildPhase;
			buildActionMask = 2147483647;
			files = (
				FADCCE102AF3612B00A59CEE /* Preview Assets.xcassets in Resources */,
				FADCCE0D2AF3612B00A59CEE /* Assets.xcassets in Resources */,
			);
			runOnlyForDeploymentPostprocessing = 0;
		};
		FADCCE182AF3612B00A59CEE /* Resources */ = {
			isa = PBXResourcesBuildPhase;
			buildActionMask = 2147483647;
			files = (
			);
			runOnlyForDeploymentPostprocessing = 0;
		};
		FADCCE222AF3612B00A59CEE /* Resources */ = {
			isa = PBXResourcesBuildPhase;
			buildActionMask = 2147483647;
			files = (
			);
			runOnlyForDeploymentPostprocessing = 0;
		};
/* End PBXResourcesBuildPhase section */

/* Begin PBXSourcesBuildPhase section */
		FADCCE012AF3612900A59CEE /* Sources */ = {
			isa = PBXSourcesBuildPhase;
			buildActionMask = 2147483647;
			files = (
				FADCCE122AF3612B00A59CEE /* Persistence.swift in Sources */,
				FADCCE442AF366AA00A59CEE /* DataHandler.swift in Sources */,
				FADCCE412AF3659400A59CEE /* AIView.swift in Sources */,
				FADCCE3F2AF3659400A59CEE /* NewProjectView.swift in Sources */,
				FADCCE0B2AF3612900A59CEE /* ContentView.swift in Sources */,
				FADCCE382AF3651E00A59CEE /* SplashView.swift in Sources */,
				FADCCE092AF3612900A59CEE /* RealTime2App.swift in Sources */,
				FADCCE3E2AF3659400A59CEE /* BluetoothManager.swift in Sources */,
				FADCCE422AF3659400A59CEE /* ChatGPT.swift in Sources */,
				FADCCE402AF3659400A59CEE /* SavedProjectView.swift in Sources */,
				FADCCE152AF3612B00A59CEE /* RealTime2.xcdatamodeld in Sources */,
			);
			runOnlyForDeploymentPostprocessing = 0;
		};
		FADCCE162AF3612B00A59CEE /* Sources */ = {
			isa = PBXSourcesBuildPhase;
			buildActionMask = 2147483647;
			files = (
				FADCCE1F2AF3612B00A59CEE /* RealTime2Tests.swift in Sources */,
			);
			runOnlyForDeploymentPostprocessing = 0;
		};
		FADCCE202AF3612B00A59CEE /* Sources */ = {
			isa = PBXSourcesBuildPhase;
			buildActionMask = 2147483647;
			files = (
				FADCCE2B2AF3612C00A59CEE /* RealTime2UITestsLaunchTests.swift in Sources */,
				FADCCE292AF3612C00A59CEE /* RealTime2UITests.swift in Sources */,
			);
			runOnlyForDeploymentPostprocessing = 0;
		};
/* End PBXSourcesBuildPhase section */

/* Begin PBXTargetDependency section */
		FADCCE1C2AF3612B00A59CEE /* PBXTargetDependency */ = {
			isa = PBXTargetDependency;
			target = FADCCE042AF3612900A59CEE /* RealTime2 */;
			targetProxy = FADCCE1B2AF3612B00A59CEE /* PBXContainerItemProxy */;
		};
		FADCCE262AF3612B00A59CEE /* PBXTargetDependency */ = {
			isa = PBXTargetDependency;
			target = FADCCE042AF3612900A59CEE /* RealTime2 */;
			targetProxy = FADCCE252AF3612B00A59CEE /* PBXContainerItemProxy */;
		};
/* End PBXTargetDependency section */

/* Begin XCBuildConfiguration section */
		FADCCE2C2AF3612C00A59CEE /* Debug */ = {
			isa = XCBuildConfiguration;
			buildSettings = {
				ALWAYS_SEARCH_USER_PATHS = NO;
				ASSETCATALOG_COMPILER_GENERATE_SWIFT_ASSET_SYMBOL_EXTENSIONS = YES;
				CLANG_ANALYZER_NONNULL = YES;
				CLANG_ANALYZER_NUMBER_OBJECT_CONVERSION = YES_AGGRESSIVE;
				CLANG_CXX_LANGUAGE_STANDARD = "gnu++20";
				CLANG_ENABLE_MODULES = YES;
				CLANG_ENABLE_OBJC_ARC = YES;
				CLANG_ENABLE_OBJC_WEAK = YES;
				CLANG_WARN_BLOCK_CAPTURE_AUTORELEASING = YES;
				CLANG_WARN_BOOL_CONVERSION = YES;
				CLANG_WARN_COMMA = YES;
				CLANG_WARN_CONSTANT_CONVERSION = YES;
				CLANG_WARN_DEPRECATED_OBJC_IMPLEMENTATIONS = YES;
				CLANG_WARN_DIRECT_OBJC_ISA_USAGE = YES_ERROR;
				CLANG_WARN_DOCUMENTATION_COMMENTS = YES;
				CLANG_WARN_EMPTY_BODY = YES;
				CLANG_WARN_ENUM_CONVERSION = YES;
				CLANG_WARN_INFINITE_RECURSION = YES;
				CLANG_WARN_INT_CONVERSION = YES;
				CLANG_WARN_NON_LITERAL_NULL_CONVERSION = YES;
				CLANG_WARN_OBJC_IMPLICIT_RETAIN_SELF = YES;
				CLANG_WARN_OBJC_LITERAL_CONVERSION = YES;
				CLANG_WARN_OBJC_ROOT_CLASS = YES_ERROR;
				CLANG_WARN_QUOTED_INCLUDE_IN_FRAMEWORK_HEADER = YES;
				CLANG_WARN_RANGE_LOOP_ANALYSIS = YES;
				CLANG_WARN_STRICT_PROTOTYPES = YES;
				CLANG_WARN_SUSPICIOUS_MOVE = YES;
				CLANG_WARN_UNGUARDED_AVAILABILITY = YES_AGGRESSIVE;
				CLANG_WARN_UNREACHABLE_CODE = YES;
				CLANG_WARN__DUPLICATE_METHOD_MATCH = YES;
				COPY_PHASE_STRIP = NO;
				DEBUG_INFORMATION_FORMAT = dwarf;
				ENABLE_STRICT_OBJC_MSGSEND = YES;
				ENABLE_TESTABILITY = YES;
				ENABLE_USER_SCRIPT_SANDBOXING = YES;
				GCC_C_LANGUAGE_STANDARD = gnu17;
				GCC_DYNAMIC_NO_PIC = NO;
				GCC_NO_COMMON_BLOCKS = YES;
				GCC_OPTIMIZATION_LEVEL = 0;
				GCC_PREPROCESSOR_DEFINITIONS = (
					"DEBUG=1",
					"$(inherited)",
				);
				GCC_WARN_64_TO_32_BIT_CONVERSION = YES;
				GCC_WARN_ABOUT_RETURN_TYPE = YES_ERROR;
				GCC_WARN_UNDECLARED_SELECTOR = YES;
				GCC_WARN_UNINITIALIZED_AUTOS = YES_AGGRESSIVE;
				GCC_WARN_UNUSED_FUNCTION = YES;
				GCC_WARN_UNUSED_VARIABLE = YES;
				IPHONEOS_DEPLOYMENT_TARGET = 17.0;
				LOCALIZATION_PREFERS_STRING_CATALOGS = YES;
				MTL_ENABLE_DEBUG_INFO = INCLUDE_SOURCE;
				MTL_FAST_MATH = YES;
				ONLY_ACTIVE_ARCH = YES;
				SDKROOT = iphoneos;
				SWIFT_ACTIVE_COMPILATION_CONDITIONS = "DEBUG $(inherited)";
				SWIFT_OPTIMIZATION_LEVEL = "-Onone";
			};
			name = Debug;
		};
		FADCCE2D2AF3612C00A59CEE /* Release */ = {
			isa = XCBuildConfiguration;
			buildSettings = {
				ALWAYS_SEARCH_USER_PATHS = NO;
				ASSETCATALOG_COMPILER_GENERATE_SWIFT_ASSET_SYMBOL_EXTENSIONS = YES;
				CLANG_ANALYZER_NONNULL = YES;
				CLANG_ANALYZER_NUMBER_OBJECT_CONVERSION = YES_AGGRESSIVE;
				CLANG_CXX_LANGUAGE_STANDARD = "gnu++20";
				CLANG_ENABLE_MODULES = YES;
				CLANG_ENABLE_OBJC_ARC = YES;
				CLANG_ENABLE_OBJC_WEAK = YES;
				CLANG_WARN_BLOCK_CAPTURE_AUTORELEASING = YES;
				CLANG_WARN_BOOL_CONVERSION = YES;
				CLANG_WARN_COMMA = YES;
				CLANG_WARN_CONSTANT_CONVERSION = YES;
				CLANG_WARN_DEPRECATED_OBJC_IMPLEMENTATIONS = YES;
				CLANG_WARN_DIRECT_OBJC_ISA_USAGE = YES_ERROR;
				CLANG_WARN_DOCUMENTATION_COMMENTS = YES;
				CLANG_WARN_EMPTY_BODY = YES;
				CLANG_WARN_ENUM_CONVERSION = YES;
				CLANG_WARN_INFINITE_RECURSION = YES;
				CLANG_WARN_INT_CONVERSION = YES;
				CLANG_WARN_NON_LITERAL_NULL_CONVERSION = YES;
				CLANG_WARN_OBJC_IMPLICIT_RETAIN_SELF = YES;
				CLANG_WARN_OBJC_LITERAL_CONVERSION = YES;
				CLANG_WARN_OBJC_ROOT_CLASS = YES_ERROR;
				CLANG_WARN_QUOTED_INCLUDE_IN_FRAMEWORK_HEADER = YES;
				CLANG_WARN_RANGE_LOOP_ANALYSIS = YES;
				CLANG_WARN_STRICT_PROTOTYPES = YES;
				CLANG_WARN_SUSPICIOUS_MOVE = YES;
				CLANG_WARN_UNGUARDED_AVAILABILITY = YES_AGGRESSIVE;
				CLANG_WARN_UNREACHABLE_CODE = YES;
				CLANG_WARN__DUPLICATE_METHOD_MATCH = YES;
				COPY_PHASE_STRIP = NO;
				DEBUG_INFORMATION_FORMAT = "dwarf-with-dsym";
				ENABLE_NS_ASSERTIONS = NO;
				ENABLE_STRICT_OBJC_MSGSEND = YES;
				ENABLE_USER_SCRIPT_SANDBOXING = YES;
				GCC_C_LANGUAGE_STANDARD = gnu17;
				GCC_NO_COMMON_BLOCKS = YES;
				GCC_WARN_64_TO_32_BIT_CONVERSION = YES;
				GCC_WARN_ABOUT_RETURN_TYPE = YES_ERROR;
				GCC_WARN_UNDECLARED_SELECTOR = YES;
				GCC_WARN_UNINITIALIZED_AUTOS = YES_AGGRESSIVE;
				GCC_WARN_UNUSED_FUNCTION = YES;
				GCC_WARN_UNUSED_VARIABLE = YES;
				IPHONEOS_DEPLOYMENT_TARGET = 17.0;
				LOCALIZATION_PREFERS_STRING_CATALOGS = YES;
				MTL_ENABLE_DEBUG_INFO = NO;
				MTL_FAST_MATH = YES;
				SDKROOT = iphoneos;
				SWIFT_COMPILATION_MODE = wholemodule;
				VALIDATE_PRODUCT = YES;
			};
			name = Release;
		};
		FADCCE2F2AF3612C00A59CEE /* Debug */ = {
			isa = XCBuildConfiguration;
			buildSettings = {
				ASSETCATALOG_COMPILER_APPICON_NAME = AppIcon;
				ASSETCATALOG_COMPILER_GLOBAL_ACCENT_COLOR_NAME = AccentColor;
				CODE_SIGN_STYLE = Automatic;
				CURRENT_PROJECT_VERSION = 1;
				DEVELOPMENT_ASSET_PATHS = "\"RealTime2/Preview Content\"";
				DEVELOPMENT_TEAM = 5E93JQ7A3W;
				ENABLE_PREVIEWS = YES;
				GENERATE_INFOPLIST_FILE = YES;
				INFOPLIST_FILE = RealTime2/Info.plist;
				INFOPLIST_KEY_NSBluetoothAlwaysUsageDescription = "";
				INFOPLIST_KEY_NSBluetoothPeripheralUsageDescription = "";
				INFOPLIST_KEY_UIApplicationSceneManifest_Generation = YES;
				INFOPLIST_KEY_UIApplicationSupportsIndirectInputEvents = YES;
				INFOPLIST_KEY_UILaunchScreen_Generation = YES;
				INFOPLIST_KEY_UISupportedInterfaceOrientations_iPad = "UIInterfaceOrientationPortrait UIInterfaceOrientationPortraitUpsideDown UIInterfaceOrientationLandscapeLeft UIInterfaceOrientationLandscapeRight";
				INFOPLIST_KEY_UISupportedInterfaceOrientations_iPhone = "UIInterfaceOrientationPortrait UIInterfaceOrientationLandscapeLeft UIInterfaceOrientationLandscapeRight";
				LD_RUNPATH_SEARCH_PATHS = (
					"$(inherited)",
					"@executable_path/Frameworks",
				);
				MARKETING_VERSION = 1.0;
				PRODUCT_BUNDLE_IDENTIFIER = villanova.RealTime2;
				PRODUCT_NAME = "$(TARGET_NAME)";
				SWIFT_EMIT_LOC_STRINGS = YES;
				SWIFT_VERSION = 5.0;
				TARGETED_DEVICE_FAMILY = "1,2";
			};
			name = Debug;
		};
		FADCCE302AF3612C00A59CEE /* Release */ = {
			isa = XCBuildConfiguration;
			buildSettings = {
				ASSETCATALOG_COMPILER_APPICON_NAME = AppIcon;
				ASSETCATALOG_COMPILER_GLOBAL_ACCENT_COLOR_NAME = AccentColor;
				CODE_SIGN_STYLE = Automatic;
				CURRENT_PROJECT_VERSION = 1;
				DEVELOPMENT_ASSET_PATHS = "\"RealTime2/Preview Content\"";
				DEVELOPMENT_TEAM = 5E93JQ7A3W;
				ENABLE_PREVIEWS = YES;
				GENERATE_INFOPLIST_FILE = YES;
				INFOPLIST_FILE = RealTime2/Info.plist;
				INFOPLIST_KEY_NSBluetoothAlwaysUsageDescription = "";
				INFOPLIST_KEY_NSBluetoothPeripheralUsageDescription = "";
				INFOPLIST_KEY_UIApplicationSceneManifest_Generation = YES;
				INFOPLIST_KEY_UIApplicationSupportsIndirectInputEvents = YES;
				INFOPLIST_KEY_UILaunchScreen_Generation = YES;
				INFOPLIST_KEY_UISupportedInterfaceOrientations_iPad = "UIInterfaceOrientationPortrait UIInterfaceOrientationPortraitUpsideDown UIInterfaceOrientationLandscapeLeft UIInterfaceOrientationLandscapeRight";
				INFOPLIST_KEY_UISupportedInterfaceOrientations_iPhone = "UIInterfaceOrientationPortrait UIInterfaceOrientationLandscapeLeft UIInterfaceOrientationLandscapeRight";
				LD_RUNPATH_SEARCH_PATHS = (
					"$(inherited)",
					"@executable_path/Frameworks",
				);
				MARKETING_VERSION = 1.0;
				PRODUCT_BUNDLE_IDENTIFIER = villanova.RealTime2;
				PRODUCT_NAME = "$(TARGET_NAME)";
				SWIFT_EMIT_LOC_STRINGS = YES;
				SWIFT_VERSION = 5.0;
				TARGETED_DEVICE_FAMILY = "1,2";
			};
			name = Release;
		};
		FADCCE322AF3612C00A59CEE /* Debug */ = {
			isa = XCBuildConfiguration;
			buildSettings = {
				ALWAYS_EMBED_SWIFT_STANDARD_LIBRARIES = YES;
				BUNDLE_LOADER = "$(TEST_HOST)";
				CODE_SIGN_STYLE = Automatic;
				CURRENT_PROJECT_VERSION = 1;
				DEVELOPMENT_TEAM = 5E93JQ7A3W;
				GENERATE_INFOPLIST_FILE = YES;
				IPHONEOS_DEPLOYMENT_TARGET = 17.0;
				MARKETING_VERSION = 1.0;
				PRODUCT_BUNDLE_IDENTIFIER = villanova.RealTime2Tests;
				PRODUCT_NAME = "$(TARGET_NAME)";
				SWIFT_EMIT_LOC_STRINGS = NO;
				SWIFT_VERSION = 5.0;
				TARGETED_DEVICE_FAMILY = "1,2";
				TEST_HOST = "$(BUILT_PRODUCTS_DIR)/RealTime2.app/$(BUNDLE_EXECUTABLE_FOLDER_PATH)/RealTime2";
			};
			name = Debug;
		};
		FADCCE332AF3612C00A59CEE /* Release */ = {
			isa = XCBuildConfiguration;
			buildSettings = {
				ALWAYS_EMBED_SWIFT_STANDARD_LIBRARIES = YES;
				BUNDLE_LOADER = "$(TEST_HOST)";
				CODE_SIGN_STYLE = Automatic;
				CURRENT_PROJECT_VERSION = 1;
				DEVELOPMENT_TEAM = 5E93JQ7A3W;
				GENERATE_INFOPLIST_FILE = YES;
				IPHONEOS_DEPLOYMENT_TARGET = 17.0;
				MARKETING_VERSION = 1.0;
				PRODUCT_BUNDLE_IDENTIFIER = villanova.RealTime2Tests;
				PRODUCT_NAME = "$(TARGET_NAME)";
				SWIFT_EMIT_LOC_STRINGS = NO;
				SWIFT_VERSION = 5.0;
				TARGETED_DEVICE_FAMILY = "1,2";
				TEST_HOST = "$(BUILT_PRODUCTS_DIR)/RealTime2.app/$(BUNDLE_EXECUTABLE_FOLDER_PATH)/RealTime2";
			};
			name = Release;
		};
		FADCCE352AF3612C00A59CEE /* Debug */ = {
			isa = XCBuildConfiguration;
			buildSettings = {
				ALWAYS_EMBED_SWIFT_STANDARD_LIBRARIES = YES;
				CODE_SIGN_STYLE = Automatic;
				CURRENT_PROJECT_VERSION = 1;
				DEVELOPMENT_TEAM = 5E93JQ7A3W;
				GENERATE_INFOPLIST_FILE = YES;
				MARKETING_VERSION = 1.0;
				PRODUCT_BUNDLE_IDENTIFIER = villanova.RealTime2UITests;
				PRODUCT_NAME = "$(TARGET_NAME)";
				SWIFT_EMIT_LOC_STRINGS = NO;
				SWIFT_VERSION = 5.0;
				TARGETED_DEVICE_FAMILY = "1,2";
				TEST_TARGET_NAME = RealTime2;
			};
			name = Debug;
		};
		FADCCE362AF3612C00A59CEE /* Release */ = {
			isa = XCBuildConfiguration;
			buildSettings = {
				ALWAYS_EMBED_SWIFT_STANDARD_LIBRARIES = YES;
				CODE_SIGN_STYLE = Automatic;
				CURRENT_PROJECT_VERSION = 1;
				DEVELOPMENT_TEAM = 5E93JQ7A3W;
				GENERATE_INFOPLIST_FILE = YES;
				MARKETING_VERSION = 1.0;
				PRODUCT_BUNDLE_IDENTIFIER = villanova.RealTime2UITests;
				PRODUCT_NAME = "$(TARGET_NAME)";
				SWIFT_EMIT_LOC_STRINGS = NO;
				SWIFT_VERSION = 5.0;
				TARGETED_DEVICE_FAMILY = "1,2";
				TEST_TARGET_NAME = RealTime2;
			};
			name = Release;
		};
/* End XCBuildConfiguration section */

/* Begin XCConfigurationList section */
		FADCCE002AF3612900A59CEE /* Build configuration list for PBXProject "RealTime2" */ = {
			isa = XCConfigurationList;
			buildConfigurations = (
				FADCCE2C2AF3612C00A59CEE /* Debug */,
				FADCCE2D2AF3612C00A59CEE /* Release */,
			);
			defaultConfigurationIsVisible = 0;
			defaultConfigurationName = Release;
		};
		FADCCE2E2AF3612C00A59CEE /* Build configuration list for PBXNativeTarget "RealTime2" */ = {
			isa = XCConfigurationList;
			buildConfigurations = (
				FADCCE2F2AF3612C00A59CEE /* Debug */,
				FADCCE302AF3612C00A59CEE /* Release */,
			);
			defaultConfigurationIsVisible = 0;
			defaultConfigurationName = Release;
		};
		FADCCE312AF3612C00A59CEE /* Build configuration list for PBXNativeTarget "RealTime2Tests" */ = {
			isa = XCConfigurationList;
			buildConfigurations = (
				FADCCE322AF3612C00A59CEE /* Debug */,
				FADCCE332AF3612C00A59CEE /* Release */,
			);
			defaultConfigurationIsVisible = 0;
			defaultConfigurationName = Release;
		};
		FADCCE342AF3612C00A59CEE /* Build configuration list for PBXNativeTarget "RealTime2UITests" */ = {
			isa = XCConfigurationList;
			buildConfigurations = (
				FADCCE352AF3612C00A59CEE /* Debug */,
				FADCCE362AF3612C00A59CEE /* Release */,
			);
			defaultConfigurationIsVisible = 0;
			defaultConfigurationName = Release;
		};
/* End XCConfigurationList section */

/* Begin XCVersionGroup section */
		FADCCE132AF3612B00A59CEE /* RealTime2.xcdatamodeld */ = {
			isa = XCVersionGroup;
			children = (
				FADCCE142AF3612B00A59CEE /* RealTime2.xcdatamodel */,
			);
			currentVersion = FADCCE142AF3612B00A59CEE /* RealTime2.xcdatamodel */;
			path = RealTime2.xcdatamodeld;
			sourceTree = "<group>";
			versionGroupType = wrapper.xcdatamodel;
		};
/* End XCVersionGroup section */
	};
	rootObject = FADCCDFD2AF3612900A59CEE /* Project object */;
}
